
Microsoft Visual Studio Solution File, Format Version 12.00
# Visual Studio Version 17
VisualStudioVersion = 17.10.35027.167
MinimumVisualStudioVersion = 10.0.40219.1
Project("{FAE04EC0-301F-11D3-BF4B-00C04F79EFBC}") = "Calculadora", "Calculadora\Calculadora.csproj", "{C6797F0E-5D50-495A-A631-F3DC78E79EE4}"
EndProject
Global
	GlobalSection(SolutionConfigurationPlatforms) = preSolution
		Debug|Any CPU = Debug|Any CPU
		Release|Any CPU = Release|Any CPU
	EndGlobalSection
	GlobalSection(ProjectConfigurationPlatforms) = postSolution
		{C6797F0E-5D50-495A-A631-F3DC78E79EE4}.Debug|Any CPU.ActiveCfg = Debug|Any CPU
		{C6797F0E-5D50-495A-A631-F3DC78E79EE4}.Debug|Any CPU.Build.0 = Debug|Any CPU
		{C6797F0E-5D50-495A-A631-F3DC78E79EE4}.Release|Any CPU.ActiveCfg = Release|Any CPU
		{C6797F0E-5D50-495A-A631-F3DC78E79EE4}.Release|Any CPU.Build.0 = Release|Any CPU
	EndGlobalSection
	GlobalSection(SolutionProperties) = preSolution
		HideSolutionNode = FALSE
	EndGlobalSection
	GlobalSection(ExtensibilityGlobals) = postSolution
		SolutionGuid = {BF546394-E448-44AC-B97F-1985F5FB7978}
	EndGlobalSection
EndGlobal
